// !$*UTF8*$!
{
	archiveVersion = 1;
	classes = {
	};
	objectVersion = 77;
	objects = {

/* Begin PBXContainerItemProxy section */
		B68BC3D42E8B97410072CD94 /* PBXContainerItemProxy */ = {
			isa = PBXContainerItemProxy;
			containerPortal = B68BC3BB2E8B973F0072CD94 /* Project object */;
			proxyType = 1;
			remoteGlobalIDString = B68BC3C22E8B973F0072CD94;
			remoteInfo = Homework7_Stephen_David;
		};
		B68BC3DE2E8B97410072CD94 /* PBXContainerItemProxy */ = {
			isa = PBXContainerItemProxy;
			containerPortal = B68BC3BB2E8B973F0072CD94 /* Project object */;
			proxyType = 1;
			remoteGlobalIDString = B68BC3C22E8B973F0072CD94;
			remoteInfo = Homework7_Stephen_David;
		};
/* End PBXContainerItemProxy section */

/* Begin PBXFileReference section */
		B68BC3C32E8B973F0072CD94 /* Homework7_Stephen_David.app */ = {isa = PBXFileReference; explicitFileType = wrapper.application; includeInIndex = 0; path = Homework7_Stephen_David.app; sourceTree = BUILT_PRODUCTS_DIR; };
		B68BC3D32E8B97410072CD94 /* Homework7_Stephen_DavidTests.xctest */ = {isa = PBXFileReference; explicitFileType = wrapper.cfbundle; includeInIndex = 0; path = Homework7_Stephen_DavidTests.xctest; sourceTree = BUILT_PRODUCTS_DIR; };
		B68BC3DD2E8B97410072CD94 /* Homework7_Stephen_DavidUITests.xctest */ = {isa = PBXFileReference; explicitFileType = wrapper.cfbundle; includeInIndex = 0; path = Homework7_Stephen_DavidUITests.xctest; sourceTree = BUILT_PRODUCTS_DIR; };
/* End PBXFileReference section */

/* Begin PBXFileSystemSynchronizedRootGroup section */
		B68BC3C52E8B973F0072CD94 /* Homework7_Stephen_David */ = {
			isa = PBXFileSystemSynchronizedRootGroup;
			path = Homework7_Stephen_David;
			sourceTree = "<group>";
		};
		B68BC3D62E8B97410072CD94 /* Homework7_Stephen_DavidTests */ = {
			isa = PBXFileSystemSynchronizedRootGroup;
			path = Homework7_Stephen_DavidTests;
			sourceTree = "<group>";
		};
		B68BC3E02E8B97410072CD94 /* Homework7_Stephen_DavidUITests */ = {
			isa = PBXFileSystemSynchronizedRootGroup;
			path = Homework7_Stephen_DavidUITests;
			sourceTree = "<group>";
		};
/* End PBXFileSystemSynchronizedRootGroup section */

/* Begin PBXFrameworksBuildPhase section */
		B68BC3C02E8B973F0072CD94 /* Frameworks */ = {
			isa = PBXFrameworksBuildPhase;
			buildActionMask = 2147483647;
			files = (
			);
			runOnlyForDeploymentPostprocessing = 0;
		};
		B68BC3D02E8B97410072CD94 /* Frameworks */ = {
			isa = PBXFrameworksBuildPhase;
			buildActionMask = 2147483647;
			files = (
			);
			runOnlyForDeploymentPostprocessing = 0;
		};
		B68BC3DA2E8B97410072CD94 /* Frameworks */ = {
			isa = PBXFrameworksBuildPhase;
			buildActionMask = 2147483647;
			files = (
			);
			runOnlyForDeploymentPostprocessing = 0;
		};
/* End PBXFrameworksBuildPhase section */

/* Begin PBXGroup section */
		B68BC3BA2E8B973F0072CD94 = {
			isa = PBXGroup;
			children = (
				B68BC3C52E8B973F0072CD94 /* Homework7_Stephen_David */,
				B68BC3D62E8B97410072CD94 /* Homework7_Stephen_DavidTests */,
				B68BC3E02E8B97410072CD94 /* Homework7_Stephen_DavidUITests */,
				B68BC3C42E8B973F0072CD94 /* Products */,
			);
			sourceTree = "<group>";
		};
		B68BC3C42E8B973F0072CD94 /* Products */ = {
			isa = PBXGroup;
			children = (
				B68BC3C32E8B973F0072CD94 /* Homework7_Stephen_David.app */,
				B68BC3D32E8B97410072CD94 /* Homework7_Stephen_DavidTests.xctest */,
				B68BC3DD2E8B97410072CD94 /* Homework7_Stephen_DavidUITests.xctest */,
			);
			name = Products;
			sourceTree = "<group>";
		};
/* End PBXGroup section */

/* Begin PBXNativeTarget section */
		B68BC3C22E8B973F0072CD94 /* Homework7_Stephen_David */ = {
			isa = PBXNativeTarget;
			buildConfigurationList = B68BC3E72E8B97410072CD94 /* Build configuration list for PBXNativeTarget "Homework7_Stephen_David" */;
			buildPhases = (
				B68BC3BF2E8B973F0072CD94 /* Sources */,
				B68BC3C02E8B973F0072CD94 /* Frameworks */,
				B68BC3C12E8B973F0072CD94 /* Resources */,
			);
			buildRules = (
			);
			dependencies = (
			);
			fileSystemSynchronizedGroups = (
				B68BC3C52E8B973F0072CD94 /* Homework7_Stephen_David */,
			);
			name = Homework7_Stephen_David;
			packageProductDependencies = (
			);
			productName = Homework7_Stephen_David;
			productReference = B68BC3C32E8B973F0072CD94 /* Homework7_Stephen_David.app */;
			productType = "com.apple.product-type.application";
		};
		B68BC3D22E8B97410072CD94 /* Homework7_Stephen_DavidTests */ = {
			isa = PBXNativeTarget;
			buildConfigurationList = B68BC3EA2E8B97410072CD94 /* Build configuration list for PBXNativeTarget "Homework7_Stephen_DavidTests" */;
			buildPhases = (
				B68BC3CF2E8B97410072CD94 /* Sources */,
				B68BC3D02E8B97410072CD94 /* Frameworks */,
				B68BC3D12E8B97410072CD94 /* Resources */,
			);
			buildRules = (
			);
			dependencies = (
				B68BC3D52E8B97410072CD94 /* PBXTargetDependency */,
			);
			fileSystemSynchronizedGroups = (
				B68BC3D62E8B97410072CD94 /* Homework7_Stephen_DavidTests */,
			);
			name = Homework7_Stephen_DavidTests;
			packageProductDependencies = (
			);
			productName = Homework7_Stephen_DavidTests;
			productReference = B68BC3D32E8B97410072CD94 /* Homework7_Stephen_DavidTests.xctest */;
			productType = "com.apple.product-type.bundle.unit-test";
		};
		B68BC3DC2E8B97410072CD94 /* Homework7_Stephen_DavidUITests */ = {
			isa = PBXNativeTarget;
			buildConfigurationList = B68BC3ED2E8B97410072CD94 /* Build configuration list for PBXNativeTarget "Homework7_Stephen_DavidUITests" */;
			buildPhases = (
				B68BC3D92E8B97410072CD94 /* Sources */,
				B68BC3DA2E8B97410072CD94 /* Frameworks */,
				B68BC3DB2E8B97410072CD94 /* Resources */,
			);
			buildRules = (
			);
			dependencies = (
				B68BC3DF2E8B97410072CD94 /* PBXTargetDependency */,
			);
			fileSystemSynchronizedGroups = (
				B68BC3E02E8B97410072CD94 /* Homework7_Stephen_DavidUITests */,
			);
			name = Homework7_Stephen_DavidUITests;
			packageProductDependencies = (
			);
			productName = Homework7_Stephen_DavidUITests;
			productReference = B68BC3DD2E8B97410072CD94 /* Homework7_Stephen_DavidUITests.xctest */;
			productType = "com.apple.product-type.bundle.ui-testing";
		};
/* End PBXNativeTarget section */

/* Begin PBXProject section */
		B68BC3BB2E8B973F0072CD94 /* Project object */ = {
			isa = PBXProject;
			attributes = {
				BuildIndependentTargetsInParallel = 1;
				LastSwiftUpdateCheck = 1620;
				LastUpgradeCheck = 1620;
				TargetAttributes = {
					B68BC3C22E8B973F0072CD94 = {
						CreatedOnToolsVersion = 16.2;
					};
					B68BC3D22E8B97410072CD94 = {
						CreatedOnToolsVersion = 16.2;
						TestTargetID = B68BC3C22E8B973F0072CD94;
					};
					B68BC3DC2E8B97410072CD94 = {
						CreatedOnToolsVersion = 16.2;
						TestTargetID = B68BC3C22E8B973F0072CD94;
					};
				};
			};
			buildConfigurationList = B68BC3BE2E8B973F0072CD94 /* Build configuration list for PBXProject "Homework7_Stephen_David" */;
			developmentRegion = en;
			hasScannedForEncodings = 0;
			knownRegions = (
				en,
				Base,
			);
			mainGroup = B68BC3BA2E8B973F0072CD94;
			minimizedProjectReferenceProxies = 1;
			preferredProjectObjectVersion = 77;
			productRefGroup = B68BC3C42E8B973F0072CD94 /* Products */;
			projectDirPath = "";
			projectRoot = "";
			targets = (
				B68BC3C22E8B973F0072CD94 /* Homework7_Stephen_David */,
				B68BC3D22E8B97410072CD94 /* Homework7_Stephen_DavidTests */,
				B68BC3DC2E8B97410072CD94 /* Homework7_Stephen_DavidUITests */,
			);
		};
/* End PBXProject section */

/* Begin PBXResourcesBuildPhase section */
		B68BC3C12E8B973F0072CD94 /* Resources */ = {
			isa = PBXResourcesBuildPhase;
			buildActionMask = 2147483647;
			files = (
			);
			runOnlyForDeploymentPostprocessing = 0;
		};
		B68BC3D12E8B97410072CD94 /* Resources */ = {
			isa = PBXResourcesBuildPhase;
			buildActionMask = 2147483647;
			files = (
			);
			runOnlyForDeploymentPostprocessing = 0;
		};
		B68BC3DB2E8B97410072CD94 /* Resources */ = {
			isa = PBXResourcesBuildPhase;
			buildActionMask = 2147483647;
			files = (
			);
			runOnlyForDeploymentPostprocessing = 0;
		};
/* End PBXResourcesBuildPhase section */

/* Begin PBXSourcesBuildPhase section */
		B68BC3BF2E8B973F0072CD94 /* Sources */ = {
			isa = PBXSourcesBuildPhase;
			buildActionMask = 2147483647;
			files = (
			);
			runOnlyForDeploymentPostprocessing = 0;
		};
		B68BC3CF2E8B97410072CD94 /* Sources */ = {
			isa = PBXSourcesBuildPhase;
			buildActionMask = 2147483647;
			files = (
			);
			runOnlyForDeploymentPostprocessing = 0;
		};
		B68BC3D92E8B97410072CD94 /* Sources */ = {
			isa = PBXSourcesBuildPhase;
			buildActionMask = 2147483647;
			files = (
			);
			runOnlyForDeploymentPostprocessing = 0;
		};
/* End PBXSourcesBuildPhase section */

/* Begin PBXTargetDependency section */
		B68BC3D52E8B97410072CD94 /* PBXTargetDependency */ = {
			isa = PBXTargetDependency;
			target = B68BC3C22E8B973F0072CD94 /* Homework7_Stephen_David */;
			targetProxy = B68BC3D42E8B97410072CD94 /* PBXContainerItemProxy */;
		};
		B68BC3DF2E8B97410072CD94 /* PBXTargetDependency */ = {
			isa = PBXTargetDependency;
			target = B68BC3C22E8B973F0072CD94 /* Homework7_Stephen_David */;
			targetProxy = B68BC3DE2E8B97410072CD94 /* PBXContainerItemProxy */;
		};
/* End PBXTargetDependency section */

/* Begin XCBuildConfiguration section */
		B68BC3E52E8B97410072CD94 /* Debug */ = {
			isa = XCBuildConfiguration;
			buildSettings = {
				ALWAYS_SEARCH_USER_PATHS = NO;
				ASSETCATALOG_COMPILER_GENERATE_SWIFT_ASSET_SYMBOL_EXTENSIONS = YES;
				CLANG_ANALYZER_NONNULL = YES;
				CLANG_ANALYZER_NUMBER_OBJECT_CONVERSION = YES_AGGRESSIVE;
				CLANG_CXX_LANGUAGE_STANDARD = "gnu++20";
				CLANG_ENABLE_MODULES = YES;
				CLANG_ENABLE_OBJC_ARC = YES;
				CLANG_ENABLE_OBJC_WEAK = YES;
				CLANG_WARN_BLOCK_CAPTURE_AUTORELEASING = YES;
				CLANG_WARN_BOOL_CONVERSION = YES;
				CLANG_WARN_COMMA = YES;
				CLANG_WARN_CONSTANT_CONVERSION = YES;
				CLANG_WARN_DEPRECATED_OBJC_IMPLEMENTATIONS = YES;
				CLANG_WARN_DIRECT_OBJC_ISA_USAGE = YES_ERROR;
				CLANG_WARN_DOCUMENTATION_COMMENTS = YES;
				CLANG_WARN_EMPTY_BODY = YES;
				CLANG_WARN_ENUM_CONVERSION = YES;
				CLANG_WARN_INFINITE_RECURSION = YES;
				CLANG_WARN_INT_CONVERSION = YES;
				CLANG_WARN_NON_LITERAL_NULL_CONVERSION = YES;
				CLANG_WARN_OBJC_IMPLICIT_RETAIN_SELF = YES;
				CLANG_WARN_OBJC_LITERAL_CONVERSION = YES;
				CLANG_WARN_OBJC_ROOT_CLASS = YES_ERROR;
				CLANG_WARN_QUOTED_INCLUDE_IN_FRAMEWORK_HEADER = YES;
				CLANG_WARN_RANGE_LOOP_ANALYSIS = YES;
				CLANG_WARN_STRICT_PROTOTYPES = YES;
				CLANG_WARN_SUSPICIOUS_MOVE = YES;
				CLANG_WARN_UNGUARDED_AVAILABILITY = YES_AGGRESSIVE;
				CLANG_WARN_UNREACHABLE_CODE = YES;
				CLANG_WARN__DUPLICATE_METHOD_MATCH = YES;
				COPY_PHASE_STRIP = NO;
				DEBUG_INFORMATION_FORMAT = dwarf;
				ENABLE_STRICT_OBJC_MSGSEND = YES;
				ENABLE_TESTABILITY = YES;
				ENABLE_USER_SCRIPT_SANDBOXING = YES;
				GCC_C_LANGUAGE_STANDARD = gnu17;
				GCC_DYNAMIC_NO_PIC = NO;
				GCC_NO_COMMON_BLOCKS = YES;
				GCC_OPTIMIZATION_LEVEL = 0;
				GCC_PREPROCESSOR_DEFINITIONS = (
					"DEBUG=1",
					"$(inherited)",
				);
				GCC_WARN_64_TO_32_BIT_CONVERSION = YES;
				GCC_WARN_ABOUT_RETURN_TYPE = YES_ERROR;
				GCC_WARN_UNDECLARED_SELECTOR = YES;
				GCC_WARN_UNINITIALIZED_AUTOS = YES_AGGRESSIVE;
				GCC_WARN_UNUSED_FUNCTION = YES;
				GCC_WARN_UNUSED_VARIABLE = YES;
				IPHONEOS_DEPLOYMENT_TARGET = 18.2;
				LOCALIZATION_PREFERS_STRING_CATALOGS = YES;
				MTL_ENABLE_DEBUG_INFO = INCLUDE_SOURCE;
				MTL_FAST_MATH = YES;
				ONLY_ACTIVE_ARCH = YES;
				SDKROOT = iphoneos;
				SWIFT_ACTIVE_COMPILATION_CONDITIONS = "DEBUG $(inherited)";
				SWIFT_OPTIMIZATION_LEVEL = "-Onone";
			};
			name = Debug;
		};
		B68BC3E62E8B97410072CD94 /* Release */ = {
			isa = XCBuildConfiguration;
			buildSettings = {
				ALWAYS_SEARCH_USER_PATHS = NO;
				ASSETCATALOG_COMPILER_GENERATE_SWIFT_ASSET_SYMBOL_EXTENSIONS = YES;
				CLANG_ANALYZER_NONNULL = YES;
				CLANG_ANALYZER_NUMBER_OBJECT_CONVERSION = YES_AGGRESSIVE;
				CLANG_CXX_LANGUAGE_STANDARD = "gnu++20";
				CLANG_ENABLE_MODULES = YES;
				CLANG_ENABLE_OBJC_ARC = YES;
				CLANG_ENABLE_OBJC_WEAK = YES;
				CLANG_WARN_BLOCK_CAPTURE_AUTORELEASING = YES;
				CLANG_WARN_BOOL_CONVERSION = YES;
				CLANG_WARN_COMMA = YES;
				CLANG_WARN_CONSTANT_CONVERSION = YES;
				CLANG_WARN_DEPRECATED_OBJC_IMPLEMENTATIONS = YES;
				CLANG_WARN_DIRECT_OBJC_ISA_USAGE = YES_ERROR;
				CLANG_WARN_DOCUMENTATION_COMMENTS = YES;
				CLANG_WARN_EMPTY_BODY = YES;
				CLANG_WARN_ENUM_CONVERSION = YES;
				CLANG_WARN_INFINITE_RECURSION = YES;
				CLANG_WARN_INT_CONVERSION = YES;
				CLANG_WARN_NON_LITERAL_NULL_CONVERSION = YES;
				CLANG_WARN_OBJC_IMPLICIT_RETAIN_SELF = YES;
				CLANG_WARN_OBJC_LITERAL_CONVERSION = YES;
				CLANG_WARN_OBJC_ROOT_CLASS = YES_ERROR;
				CLANG_WARN_QUOTED_INCLUDE_IN_FRAMEWORK_HEADER = YES;
				CLANG_WARN_RANGE_LOOP_ANALYSIS = YES;
				CLANG_WARN_STRICT_PROTOTYPES = YES;
				CLANG_WARN_SUSPICIOUS_MOVE = YES;
				CLANG_WARN_UNGUARDED_AVAILABILITY = YES_AGGRESSIVE;
				CLANG_WARN_UNREACHABLE_CODE = YES;
				CLANG_WARN__DUPLICATE_METHOD_MATCH = YES;
				COPY_PHASE_STRIP = NO;
				DEBUG_INFORMATION_FORMAT = "dwarf-with-dsym";
				ENABLE_NS_ASSERTIONS = NO;
				ENABLE_STRICT_OBJC_MSGSEND = YES;
				ENABLE_USER_SCRIPT_SANDBOXING = YES;
				GCC_C_LANGUAGE_STANDARD = gnu17;
				GCC_NO_COMMON_BLOCKS = YES;
				GCC_WARN_64_TO_32_BIT_CONVERSION = YES;
				GCC_WARN_ABOUT_RETURN_TYPE = YES_ERROR;
				GCC_WARN_UNDECLARED_SELECTOR = YES;
				GCC_WARN_UNINITIALIZED_AUTOS = YES_AGGRESSIVE;
				GCC_WARN_UNUSED_FUNCTION = YES;
				GCC_WARN_UNUSED_VARIABLE = YES;
				IPHONEOS_DEPLOYMENT_TARGET = 18.2;
				LOCALIZATION_PREFERS_STRING_CATALOGS = YES;
				MTL_ENABLE_DEBUG_INFO = NO;
				MTL_FAST_MATH = YES;
				SDKROOT = iphoneos;
				SWIFT_COMPILATION_MODE = wholemodule;
				VALIDATE_PRODUCT = YES;
			};
			name = Release;
		};
		B68BC3E82E8B97410072CD94 /* Debug */ = {
			isa = XCBuildConfiguration;
			buildSettings = {
				ASSETCATALOG_COMPILER_APPICON_NAME = AppIcon;
				ASSETCATALOG_COMPILER_GLOBAL_ACCENT_COLOR_NAME = AccentColor;
				CODE_SIGN_STYLE = Automatic;
				CURRENT_PROJECT_VERSION = 1;
				DEVELOPMENT_ASSET_PATHS = "\"Homework7_Stephen_David/Preview Content\"";
				ENABLE_PREVIEWS = YES;
				GENERATE_INFOPLIST_FILE = YES;
				INFOPLIST_KEY_UIApplicationSceneManifest_Generation = YES;
				INFOPLIST_KEY_UIApplicationSupportsIndirectInputEvents = YES;
				INFOPLIST_KEY_UILaunchScreen_Generation = YES;
				INFOPLIST_KEY_UISupportedInterfaceOrientations_iPad = "UIInterfaceOrientationPortrait UIInterfaceOrientationPortraitUpsideDown UIInterfaceOrientationLandscapeLeft UIInterfaceOrientationLandscapeRight";
				INFOPLIST_KEY_UISupportedInterfaceOrientations_iPhone = "UIInterfaceOrientationPortrait UIInterfaceOrientationLandscapeLeft UIInterfaceOrientationLandscapeRight";
				LD_RUNPATH_SEARCH_PATHS = (
					"$(inherited)",
					"@executable_path/Frameworks",
				);
				MARKETING_VERSION = 1.0;
				PRODUCT_BUNDLE_IDENTIFIER = "com.david.Homework7-Stephen-David";
				PRODUCT_NAME = "$(TARGET_NAME)";
				SWIFT_EMIT_LOC_STRINGS = YES;
				SWIFT_VERSION = 5.0;
				TARGETED_DEVICE_FAMILY = "1,2";
			};
			name = Debug;
		};
		B68BC3E92E8B97410072CD94 /* Release */ = {
			isa = XCBuildConfiguration;
			buildSettings = {
				ASSETCATALOG_COMPILER_APPICON_NAME = AppIcon;
				ASSETCATALOG_COMPILER_GLOBAL_ACCENT_COLOR_NAME = AccentColor;
				CODE_SIGN_STYLE = Automatic;
				CURRENT_PROJECT_VERSION = 1;
				DEVELOPMENT_ASSET_PATHS = "\"Homework7_Stephen_David/Preview Content\"";
				ENABLE_PREVIEWS = YES;
				GENERATE_INFOPLIST_FILE = YES;
				INFOPLIST_KEY_UIApplicationSceneManifest_Generation = YES;
				INFOPLIST_KEY_UIApplicationSupportsIndirectInputEvents = YES;
				INFOPLIST_KEY_UILaunchScreen_Generation = YES;
				INFOPLIST_KEY_UISupportedInterfaceOrientations_iPad = "UIInterfaceOrientationPortrait UIInterfaceOrientationPortraitUpsideDown UIInterfaceOrientationLandscapeLeft UIInterfaceOrientationLandscapeRight";
				INFOPLIST_KEY_UISupportedInterfaceOrientations_iPhone = "UIInterfaceOrientationPortrait UIInterfaceOrientationLandscapeLeft UIInterfaceOrientationLandscapeRight";
				LD_RUNPATH_SEARCH_PATHS = (
					"$(inherited)",
					"@executable_path/Frameworks",
				);
				MARKETING_VERSION = 1.0;
				PRODUCT_BUNDLE_IDENTIFIER = "com.david.Homework7-Stephen-David";
				PRODUCT_NAME = "$(TARGET_NAME)";
				SWIFT_EMIT_LOC_STRINGS = YES;
				SWIFT_VERSION = 5.0;
				TARGETED_DEVICE_FAMILY = "1,2";
			};
			name = Release;
		};
		B68BC3EB2E8B97410072CD94 /* Debug */ = {
			isa = XCBuildConfiguration;
			buildSettings = {
				BUNDLE_LOADER = "$(TEST_HOST)";
				CODE_SIGN_STYLE = Automatic;
				CURRENT_PROJECT_VERSION = 1;
				GENERATE_INFOPLIST_FILE = YES;
				IPHONEOS_DEPLOYMENT_TARGET = 18.2;
				MARKETING_VERSION = 1.0;
				PRODUCT_BUNDLE_IDENTIFIER = "com.david.Homework7-Stephen-DavidTests";
				PRODUCT_NAME = "$(TARGET_NAME)";
				SWIFT_EMIT_LOC_STRINGS = NO;
				SWIFT_VERSION = 5.0;
				TARGETED_DEVICE_FAMILY = "1,2";
				TEST_HOST = "$(BUILT_PRODUCTS_DIR)/Homework7_Stephen_David.app/$(BUNDLE_EXECUTABLE_FOLDER_PATH)/Homework7_Stephen_David";
			};
			name = Debug;
		};
		B68BC3EC2E8B97410072CD94 /* Release */ = {
			isa = XCBuildConfiguration;
			buildSettings = {
				BUNDLE_LOADER = "$(TEST_HOST)";
				CODE_SIGN_STYLE = Automatic;
				CURRENT_PROJECT_VERSION = 1;
				GENERATE_INFOPLIST_FILE = YES;
				IPHONEOS_DEPLOYMENT_TARGET = 18.2;
				MARKETING_VERSION = 1.0;
				PRODUCT_BUNDLE_IDENTIFIER = "com.david.Homework7-Stephen-DavidTests";
				PRODUCT_NAME = "$(TARGET_NAME)";
				SWIFT_EMIT_LOC_STRINGS = NO;
				SWIFT_VERSION = 5.0;
				TARGETED_DEVICE_FAMILY = "1,2";
				TEST_HOST = "$(BUILT_PRODUCTS_DIR)/Homework7_Stephen_David.app/$(BUNDLE_EXECUTABLE_FOLDER_PATH)/Homework7_Stephen_David";
			};
			name = Release;
		};
		B68BC3EE2E8B97410072CD94 /* Debug */ = {
			isa = XCBuildConfiguration;
			buildSettings = {
				CODE_SIGN_STYLE = Automatic;
				CURRENT_PROJECT_VERSION = 1;
				GENERATE_INFOPLIST_FILE = YES;
				MARKETING_VERSION = 1.0;
				PRODUCT_BUNDLE_IDENTIFIER = "com.david.Homework7-Stephen-DavidUITests";
				PRODUCT_NAME = "$(TARGET_NAME)";
				SWIFT_EMIT_LOC_STRINGS = NO;
				SWIFT_VERSION = 5.0;
				TARGETED_DEVICE_FAMILY = "1,2";
				TEST_TARGET_NAME = Homework7_Stephen_David;
			};
			name = Debug;
		};
		B68BC3EF2E8B97410072CD94 /* Release */ = {
			isa = XCBuildConfiguration;
			buildSettings = {
				CODE_SIGN_STYLE = Automatic;
				CURRENT_PROJECT_VERSION = 1;
				GENERATE_INFOPLIST_FILE = YES;
				MARKETING_VERSION = 1.0;
				PRODUCT_BUNDLE_IDENTIFIER = "com.david.Homework7-Stephen-DavidUITests";
				PRODUCT_NAME = "$(TARGET_NAME)";
				SWIFT_EMIT_LOC_STRINGS = NO;
				SWIFT_VERSION = 5.0;
				TARGETED_DEVICE_FAMILY = "1,2";
				TEST_TARGET_NAME = Homework7_Stephen_David;
			};
			name = Release;
		};
/* End XCBuildConfiguration section */

/* Begin XCConfigurationList section */
		B68BC3BE2E8B973F0072CD94 /* Build configuration list for PBXProject "Homework7_Stephen_David" */ = {
			isa = XCConfigurationList;
			buildConfigurations = (
				B68BC3E52E8B97410072CD94 /* Debug */,
				B68BC3E62E8B97410072CD94 /* Release */,
			);
			defaultConfigurationIsVisible = 0;
			defaultConfigurationName = Release;
		};
		B68BC3E72E8B97410072CD94 /* Build configuration list for PBXNativeTarget "Homework7_Stephen_David" */ = {
			isa = XCConfigurationList;
			buildConfigurations = (
				B68BC3E82E8B97410072CD94 /* Debug */,
				B68BC3E92E8B97410072CD94 /* Release */,
			);
			defaultConfigurationIsVisible = 0;
			defaultConfigurationName = Release;
		};
		B68BC3EA2E8B97410072CD94 /* Build configuration list for PBXNativeTarget "Homework7_Stephen_DavidTests" */ = {
			isa = XCConfigurationList;
			buildConfigurations = (
				B68BC3EB2E8B97410072CD94 /* Debug */,
				B68BC3EC2E8B97410072CD94 /* Release */,
			);
			defaultConfigurationIsVisible = 0;
			defaultConfigurationName = Release;
		};
		B68BC3ED2E8B97410072CD94 /* Build configuration list for PBXNativeTarget "Homework7_Stephen_DavidUITests" */ = {
			isa = XCConfigurationList;
			buildConfigurations = (
				B68BC3EE2E8B97410072CD94 /* Debug */,
				B68BC3EF2E8B97410072CD94 /* Release */,
			);
			defaultConfigurationIsVisible = 0;
			defaultConfigurationName = Release;
		};
/* End XCConfigurationList section */
	};
	rootObject = B68BC3BB2E8B973F0072CD94 /* Project object */;
}
